github.com/wowchemy/wowchemy-hugo-modules/netlify-cms-academic v0.0.0-20201001144923-e58ee0ffc576/go.mod h1:TU3QDPUdBSQnvDP5QVCwjAkBIdVMS/bKFA8jr3eI5AY=
github.com/wowchemy/wowchemy-hugo-modules/netlify-cms-academic v0.0.0-20201016182837-be0fa17ac006 h1:YNTYgXSXNVmvBTwD4Fp7jnrHKjczvxv30FOmBvfPkK8=
github.com/wowchemy/wowchemy-hugo-modules/netlify-cms-academic v0.0.0-20201016182837-be0fa17ac006/go.mod h1:TU3QDPUdBSQnvDP5QVCwjAkBIdVMS/bKFA8jr3eI5AY=
github.com/wowchemy/wowchemy-hugo-modules/netlify-cms-academic v0.0.0-20201113213807-9ee65a120fe8 h1:md77MNLWh5zN/D+kQhrk1HxoWeOR31RkSqaNBrRLN+M=
github.com/wowchemy/wowchemy-hugo-modules/netlify-cms-academic v0.0.0-20201113213807-9ee65a120fe8/go.mod h1:TU3QDPUdBSQnvDP5QVCwjAkBIdVMS/bKFA8jr3eI5AY=
github.com/wowchemy/wowchemy-hugo-modules/netlify-cms-academic v0.0.0-20201211023654-f6090cd7e55d h1:o3oXxH4+9fTBcBVJ5hAiFCJjJ5ZyQZV7glQJZLJeHc8=
github.com/wowchemy/wowchemy-hugo-modules/netlify-cms-academic v0.0.0-20201211023654-f6090cd7e55d/go.mod h1:TU3QDPUdBSQnvDP5QVCwjAkBIdVMS/bKFA8jr3eI5AY=
github.com/wowchemy/wowchemy-hugo-modules/netlify-cms-academic v0.0.0-20201230224646-25e0b0627f09 h1:nONDeaVM4Rz7TKzlUMa6B0K9GpcfHRgvL6NGS0cQzC0=
github.com/wowchemy/wowchemy-hugo-modules/netlify-cms-academic v0.0.0-20201230224646-25e0b0627f09/go.mod h1:TU3QDPUdBSQnvDP5QVCwjAkBIdVMS/bKFA8jr3eI5AY=
github.com/wowchemy/wowchemy-hugo-modules/netlify-cms-academic v0.0.0-20210109001212-0153af828374 h1:5W/TiUa4F0QnWJ4SjgUpEZc7C+FxJ6RtgzCpj/OYqk8=
github.com/wowchemy/wowchemy-hugo-modules/netlify-cms-academic v0.0.0-20210109001212-0153af828374/go.mod h1:TU3QDPUdBSQnvDP5QVCwjAkBIdVMS/bKFA8jr3eI5AY=
github.com/wowchemy/wowchemy-hugo-modules/netlify-cms-academic v0.0.0-20210111235350-f1da2c5ca88d h1:hTRBsu66u7v2gh/ZWRh2rQJYK1+CfkgwgQGUR3Z2Tog=
github.com/wowchemy/wowchemy-hugo-modules/netlify-cms-academic v0.0.0-20210111235350-f1da2c5ca88d/go.mod h1:TU3QDPUdBSQnvDP5QVCwjAkBIdVMS/bKFA8jr3eI5AY=
github.com/wowchemy/wowchemy-hugo-modules/netlify-cms-academic v0.0.0-20210116234944-9f5c626c8f9f h1:aRH9w3I5W8VouMS56m+9H38wpTId6OIoCKPoR5YUSco=
github.com/wowchemy/wowchemy-hugo-modules/netlify-cms-academic v0.0.0-20210116234944-9f5c626c8f9f/go.mod h1:TU3QDPUdBSQnvDP5QVCwjAkBIdVMS/bKFA8jr3eI5AY=
github.com/wowchemy/wowchemy-hugo-modules/netlify-cms-academic v0.0.0-20210120025205-e0ae7c979cda h1:pOETHk90q0NVqcpi1UcTCZsO0UuchtcyJUuluP+Ae7o=
github.com/wowchemy/wowchemy-hugo-modules/netlify-cms-academic v0.0.0-20210120025205-e0ae7c979cda/go.mod h1:TU3QDPUdBSQnvDP5QVCwjAkBIdVMS/bKFA8jr3eI5AY=
github.com/wowchemy/wowchemy-hugo-modules/netlify-cms-academic v0.0.0-20210127225730-4ac1c6aa1a40 h1:qTDiwSNIpSWvBepaw1PlZj4QBvo75Nf5DxsSP8JZtbo=
github.com/wowchemy/wowchemy-hugo-modules/netlify-cms-academic v0.0.0-20210127225730-4ac1c6aa1a40/go.mod h1:TU3QDPUdBSQnvDP5QVCwjAkBIdVMS/bKFA8jr3eI5AY=
github.com/wowchemy/wowchemy-hugo-modules/netlify-cms-academic v0.0.0-20210131152309-1dae5a2300f9 h1:TPZdHzlgx2u+eoNShJy/xv/ilPRjGSbiTdxazQhCUBM=
github.com/wowchemy/wowchemy-hugo-modules/netlify-cms-academic v0.0.0-20210131152309-1dae5a2300f9/go.mod h1:TU3QDPUdBSQnvDP5QVCwjAkBIdVMS/bKFA8jr3eI5AY=
github.com/wowchemy/wowchemy-hugo-modules/netlify-cms-academic v0.0.0-20210201131602-995d2181a052 h1:Nb46wetpCfi6fEcRnu6n8hZENiJU2NCElXdYUqVngj4=
github.com/wowchemy/wowchemy-hugo-modules/netlify-cms-academic v0.0.0-20210201131602-995d2181a052/go.mod h1:TU3QDPUdBSQnvDP5QVCwjAkBIdVMS/bKFA8jr3eI5AY=
github.com/wowchemy/wowchemy-hugo-modules/wowchemy v0.0.0-20201001144923-e58ee0ffc576 h1:r97j+QgxENainAzooKFwaHePl7UBBtZ4RFh6+Ks2x3U=
github.com/wowchemy/wowchemy-hugo-modules/wowchemy v0.0.0-20201001144923-e58ee0ffc576/go.mod h1:H22qfH9qj3FWwsk7+bAZpmT24yRGNQURah2/IRwjbn8=
github.com/wowchemy/wowchemy-hugo-modules/wowchemy v0.0.0-20201016182837-be0fa17ac006 h1:0TttxcFCinLEfPQxtpCRcCnf34vQm/S247UQ9lrzh38=
github.com/wowchemy/wowchemy-hugo-modules/wowchemy v0.0.0-20201016182837-be0fa17ac006/go.mod h1:H22qfH9qj3FWwsk7+bAZpmT24yRGNQURah2/IRwjbn8=
github.com/wowchemy/wowchemy-hugo-modules/wowchemy v0.0.0-20201113213807-9ee65a120fe8 h1:8kEOyQzH8x2FI/FSSdOS6N+a/3DvCXB2WaSR04EBHiY=
github.com/wowchemy/wowchemy-hugo-modules/wowchemy v0.0.0-20201113213807-9ee65a120fe8/go.mod h1:H22qfH9qj3FWwsk7+bAZpmT24yRGNQURah2/IRwjbn8=
github.com/wowchemy/wowchemy-hugo-modules/wowchemy v0.0.0-20201211023654-f6090cd7e55d h1:s1Eo9hqvzzN6I+jpx4/GG4yTwCh/26MnZaPvdqrqbis=
github.com/wowchemy/wowchemy-hugo-modules/wowchemy v0.0.0-20201211023654-f6090cd7e55d/go.mod h1:H22qfH9qj3FWwsk7+bAZpmT24yRGNQURah2/IRwjbn8=
github.com/wowchemy/wowchemy-hugo-modules/wowchemy v0.0.0-20201230224646-25e0b0627f09 h1:5Dxk6ndnHNdqqYqVYyLPhUr/crpvj+j1ZEVPeSEqrDw=
github.com/wowchemy/wowchemy-hugo-modules/wowchemy v0.0.0-20201230224646-25e0b0627f09/go.mod h1:H22qfH9qj3FWwsk7+bAZpmT24yRGNQURah2/IRwjbn8=
github.com/wowchemy/wowchemy-hugo-modules/wowchemy v0.0.0-20210109001212-0153af828374 h1:S8p4LmJmOka3Jyfj2zPWTqwUy43W2ipPmlvitAAQVaM=
github.com/wowchemy/wowchemy-hugo-modules/wowchemy v0.0.0-20210109001212-0153af828374/go.mod h1:H22qfH9qj3FWwsk7+bAZpmT24yRGNQURah2/IRwjbn8=
github.com/wowchemy/wowchemy-hugo-modules/wowchemy v0.0.0-20210111235350-f1da2c5ca88d h1:yWf9Wc+VloKk3c1lI7OTrf6WjNxPVf1JRkd3b71RCKA=
github.com/wowchemy/wowchemy-hugo-modules/wowchemy v0.0.0-20210111235350-f1da2c5ca88d/go.mod h1:H22qfH9qj3FWwsk7+bAZpmT24yRGNQURah2/IRwjbn8=
github.com/wowchemy/wowchemy-hugo-modules/wowchemy v0.0.0-20210116234944-9f5c626c8f9f h1:KrTCYnakV17GchUUgPZVAo6bLjy68WJTynSg87H6xpk=
github.com/wowchemy/wowchemy-hugo-modules/wowchemy v0.0.0-20210116234944-9f5c626c8f9f/go.mod h1:H22qfH9qj3FWwsk7+bAZpmT24yRGNQURah2/IRwjbn8=
github.com/wowchemy/wowchemy-hugo-modules/wowchemy v0.0.0-20210120025205-e0ae7c979cda h1:DjweNGYmNRnVhG48yarIZQiYvLKub1s7K3mwSaSZXQs=
github.com/wowchemy/wowchemy-hugo-modules/wowchemy v0.0.0-20210120025205-e0ae7c979cda/go.mod h1:H22qfH9qj3FWwsk7+bAZpmT24yRGNQURah2/IRwjbn8=
github.com/wowchemy/wowchemy-hugo-modules/wowchemy v0.0.0-20210127225730-4ac1c6aa1a40 h1:mheZDz5DcXq/x8APxFv7pOLtUkuD2qMgz8GGBO1BXrM=
github.com/wowchemy/wowchemy-hugo-modules/wowchemy v0.0.0-20210127225730-4ac1c6aa1a40/go.mod h1:H22qfH9qj3FWwsk7+bAZpmT24yRGNQURah2/IRwjbn8=
github.com/wowchemy/wowchemy-hugo-modules/wowchemy v0.0.0-20210131152309-1dae5a2300f9 h1:cFdcyxxzvuAvv5eBhg3x6mhvu9MyV/for7yR59wBUhM=
github.com/wowchemy/wowchemy-hugo-modules/wowchemy v0.0.0-20210131152309-1dae5a2300f9/go.mod h1:H22qfH9qj3FWwsk7+bAZpmT24yRGNQURah2/IRwjbn8=
github.com/wowchemy/wowchemy-hugo-modules/wowchemy v0.0.0-20210201131602-995d2181a052 h1:BFhSN0ZCoPdKxAcv8BVUNQC7jhbb4ejlXD0X087S/k4=
github.com/wowchemy/wowchemy-hugo-modules/wowchemy v0.0.0-20210201131602-995d2181a052/go.mod h1:H22qfH9qj3FWwsk7+bAZpmT24yRGNQURah2/IRwjbn8=
